
Microsoft Visual Studio Solution File, Format Version 12.00
# Visual Studio Version 17
VisualStudioVersion = 17.13.35913.81 d17.13
MinimumVisualStudioVersion = 10.0.40219.1
Project("{FAE04EC0-301F-11D3-BF4B-00C04F79EFBC}") = "CareerMentoringNetwork.API", "CareerMentoringNetwork.API.csproj", "{C7050F77-929A-4326-B1C7-22BCE7DD427F}"
EndProject
Global
	GlobalSection(SolutionConfigurationPlatforms) = preSolution
		Debug|Any CPU = Debug|Any CPU
		Release|Any CPU = Release|Any CPU
	EndGlobalSection
	GlobalSection(ProjectConfigurationPlatforms) = postSolution
		{C7050F77-929A-4326-B1C7-22BCE7DD427F}.Debug|Any CPU.ActiveCfg = Debug|Any CPU
		{C7050F77-929A-4326-B1C7-22BCE7DD427F}.Debug|Any CPU.Build.0 = Debug|Any CPU
		{C7050F77-929A-4326-B1C7-22BCE7DD427F}.Release|Any CPU.ActiveCfg = Release|Any CPU
		{C7050F77-929A-4326-B1C7-22BCE7DD427F}.Release|Any CPU.Build.0 = Release|Any CPU
	EndGlobalSection
	GlobalSection(SolutionProperties) = preSolution
		HideSolutionNode = FALSE
	EndGlobalSection
	GlobalSection(ExtensibilityGlobals) = postSolution
		SolutionGuid = {37ED8F9C-97BA-43E1-BDFA-90FF70D16624}
	EndGlobalSection
EndGlobal
